// !$*UTF8*$!
{
	archiveVersion = 1;
	classes = {
	};
	objectVersion = 46;
	objects = {

/* Begin PBXBuildFile section */
		52331B5A18E8738600DCE60A /* Foundation.framework in Frameworks */ = {isa = PBXBuildFile; fileRef = 52331B5918E8738600DCE60A /* Foundation.framework */; };
		52331B5C18E8738600DCE60A /* CoreGraphics.framework in Frameworks */ = {isa = PBXBuildFile; fileRef = 52331B5B18E8738600DCE60A /* CoreGraphics.framework */; };
		52331B5E18E8738600DCE60A /* UIKit.framework in Frameworks */ = {isa = PBXBuildFile; fileRef = 52331B5D18E8738600DCE60A /* UIKit.framework */; };
		52331B6418E8738600DCE60A /* InfoPlist.strings in Resources */ = {isa = PBXBuildFile; fileRef = 52331B6218E8738600DCE60A /* InfoPlist.strings */; };
		52331B6618E8738600DCE60A /* main.m in Sources */ = {isa = PBXBuildFile; fileRef = 52331B6518E8738600DCE60A /* main.m */; };
		52331B6A18E8738600DCE60A /* WashingtonsAppDelegate.m in Sources */ = {isa = PBXBuildFile; fileRef = 52331B6918E8738600DCE60A /* WashingtonsAppDelegate.m */; };
		52331B6D18E8738600DCE60A /* Main_iPhone.storyboard in Resources */ = {isa = PBXBuildFile; fileRef = 52331B6B18E8738600DCE60A /* Main_iPhone.storyboard */; };
		52331B7018E8738600DCE60A /* Main_iPad.storyboard in Resources */ = {isa = PBXBuildFile; fileRef = 52331B6E18E8738600DCE60A /* Main_iPad.storyboard */; };
		52331B7318E8738600DCE60A /* WashingtonsFirstViewController.m in Sources */ = {isa = PBXBuildFile; fileRef = 52331B7218E8738600DCE60A /* WashingtonsFirstViewController.m */; };
		52331B7618E8738600DCE60A /* WashingtonsSecondViewController.m in Sources */ = {isa = PBXBuildFile; fileRef = 52331B7518E8738600DCE60A /* WashingtonsSecondViewController.m */; };
		52331B7818E8738600DCE60A /* Images.xcassets in Resources */ = {isa = PBXBuildFile; fileRef = 52331B7718E8738600DCE60A /* Images.xcassets */; };
		52331B7F18E8738600DCE60A /* XCTest.framework in Frameworks */ = {isa = PBXBuildFile; fileRef = 52331B7E18E8738600DCE60A /* XCTest.framework */; };
		52331B8018E8738600DCE60A /* Foundation.framework in Frameworks */ = {isa = PBXBuildFile; fileRef = 52331B5918E8738600DCE60A /* Foundation.framework */; };
		52331B8118E8738600DCE60A /* UIKit.framework in Frameworks */ = {isa = PBXBuildFile; fileRef = 52331B5D18E8738600DCE60A /* UIKit.framework */; };
		52331B8918E8738600DCE60A /* InfoPlist.strings in Resources */ = {isa = PBXBuildFile; fileRef = 52331B8718E8738600DCE60A /* InfoPlist.strings */; };
		52331B8B18E8738600DCE60A /* Washington_s_RulesTests.m in Sources */ = {isa = PBXBuildFile; fileRef = 52331B8A18E8738600DCE60A /* Washington_s_RulesTests.m */; };
/* End PBXBuildFile section */

/* Begin PBXContainerItemProxy section */
		52331B8218E8738600DCE60A /* PBXContainerItemProxy */ = {
			isa = PBXContainerItemProxy;
			containerPortal = 52331B4E18E8738600DCE60A /* Project object */;
			proxyType = 1;
			remoteGlobalIDString = 52331B5518E8738600DCE60A;
			remoteInfo = "Washington's Rules";
		};
/* End PBXContainerItemProxy section */

/* Begin PBXFileReference section */
		52331B5618E8738600DCE60A /* Washington's Rules.app */ = {isa = PBXFileReference; explicitFileType = wrapper.application; includeInIndex = 0; path = "Washington's Rules.app"; sourceTree = BUILT_PRODUCTS_DIR; };
		52331B5918E8738600DCE60A /* Foundation.framework */ = {isa = PBXFileReference; lastKnownFileType = wrapper.framework; name = Foundation.framework; path = System/Library/Frameworks/Foundation.framework; sourceTree = SDKROOT; };
		52331B5B18E8738600DCE60A /* CoreGraphics.framework */ = {isa = PBXFileReference; lastKnownFileType = wrapper.framework; name = CoreGraphics.framework; path = System/Library/Frameworks/CoreGraphics.framework; sourceTree = SDKROOT; };
		52331B5D18E8738600DCE60A /* UIKit.framework */ = {isa = PBXFileReference; lastKnownFileType = wrapper.framework; name = UIKit.framework; path = System/Library/Frameworks/UIKit.framework; sourceTree = SDKROOT; };
		52331B6118E8738600DCE60A /* Washington's Rules-Info.plist */ = {isa = PBXFileReference; lastKnownFileType = text.plist.xml; path = "Washington's Rules-Info.plist"; sourceTree = "<group>"; };
		52331B6318E8738600DCE60A /* en */ = {isa = PBXFileReference; lastKnownFileType = text.plist.strings; name = en; path = en.lproj/InfoPlist.strings; sourceTree = "<group>"; };
		52331B6518E8738600DCE60A /* main.m */ = {isa = PBXFileReference; lastKnownFileType = sourcecode.c.objc; path = main.m; sourceTree = "<group>"; };
		52331B6718E8738600DCE60A /* Washington's Rules-Prefix.pch */ = {isa = PBXFileReference; lastKnownFileType = sourcecode.c.h; path = "Washington's Rules-Prefix.pch"; sourceTree = "<group>"; };
		52331B6818E8738600DCE60A /* WashingtonsAppDelegate.h */ = {isa = PBXFileReference; lastKnownFileType = sourcecode.c.h; path = WashingtonsAppDelegate.h; sourceTree = "<group>"; };
		52331B6918E8738600DCE60A /* WashingtonsAppDelegate.m */ = {isa = PBXFileReference; lastKnownFileType = sourcecode.c.objc; path = WashingtonsAppDelegate.m; sourceTree = "<group>"; };
		52331B6C18E8738600DCE60A /* Base */ = {isa = PBXFileReference; lastKnownFileType = file.storyboard; name = Base; path = Base.lproj/Main_iPhone.storyboard; sourceTree = "<group>"; };
		52331B6F18E8738600DCE60A /* Base */ = {isa = PBXFileReference; lastKnownFileType = file.storyboard; name = Base; path = Base.lproj/Main_iPad.storyboard; sourceTree = "<group>"; };
		52331B7118E8738600DCE60A /* WashingtonsFirstViewController.h */ = {isa = PBXFileReference; lastKnownFileType = sourcecode.c.h; path = WashingtonsFirstViewController.h; sourceTree = "<group>"; };
		52331B7218E8738600DCE60A /* WashingtonsFirstViewController.m */ = {isa = PBXFileReference; lastKnownFileType = sourcecode.c.objc; path = WashingtonsFirstViewController.m; sourceTree = "<group>"; };
		52331B7418E8738600DCE60A /* WashingtonsSecondViewController.h */ = {isa = PBXFileReference; lastKnownFileType = sourcecode.c.h; path = WashingtonsSecondViewController.h; sourceTree = "<group>"; };
		52331B7518E8738600DCE60A /* WashingtonsSecondViewController.m */ = {isa = PBXFileReference; lastKnownFileType = sourcecode.c.objc; path = WashingtonsSecondViewController.m; sourceTree = "<group>"; };
		52331B7718E8738600DCE60A /* Images.xcassets */ = {isa = PBXFileReference; lastKnownFileType = folder.assetcatalog; path = Images.xcassets; sourceTree = "<group>"; };
		52331B7D18E8738600DCE60A /* Washington's RulesTests.xctest */ = {isa = PBXFileReference; explicitFileType = wrapper.cfbundle; includeInIndex = 0; path = "Washington's RulesTests.xctest"; sourceTree = BUILT_PRODUCTS_DIR; };
		52331B7E18E8738600DCE60A /* XCTest.framework */ = {isa = PBXFileReference; lastKnownFileType = wrapper.framework; name = XCTest.framework; path = Library/Frameworks/XCTest.framework; sourceTree = DEVELOPER_DIR; };
		52331B8618E8738600DCE60A /* Washington's RulesTests-Info.plist */ = {isa = PBXFileReference; lastKnownFileType = text.plist.xml; path = "Washington's RulesTests-Info.plist"; sourceTree = "<group>"; };
		52331B8818E8738600DCE60A /* en */ = {isa = PBXFileReference; lastKnownFileType = text.plist.strings; name = en; path = en.lproj/InfoPlist.strings; sourceTree = "<group>"; };
		52331B8A18E8738600DCE60A /* Washington_s_RulesTests.m */ = {isa = PBXFileReference; lastKnownFileType = sourcecode.c.objc; path = Washington_s_RulesTests.m; sourceTree = "<group>"; };
/* End PBXFileReference section */

/* Begin PBXFrameworksBuildPhase section */
		52331B5318E8738600DCE60A /* Frameworks */ = {
			isa = PBXFrameworksBuildPhase;
			buildActionMask = 2147483647;
			files = (
				52331B5C18E8738600DCE60A /* CoreGraphics.framework in Frameworks */,
				52331B5E18E8738600DCE60A /* UIKit.framework in Frameworks */,
				52331B5A18E8738600DCE60A /* Foundation.framework in Frameworks */,
			);
			runOnlyForDeploymentPostprocessing = 0;
		};
		52331B7A18E8738600DCE60A /* Frameworks */ = {
			isa = PBXFrameworksBuildPhase;
			buildActionMask = 2147483647;
			files = (
				52331B7F18E8738600DCE60A /* XCTest.framework in Frameworks */,
				52331B8118E8738600DCE60A /* UIKit.framework in Frameworks */,
				52331B8018E8738600DCE60A /* Foundation.framework in Frameworks */,
			);
			runOnlyForDeploymentPostprocessing = 0;
		};
/* End PBXFrameworksBuildPhase section */

/* Begin PBXGroup section */
		52331B4D18E8738600DCE60A = {
			isa = PBXGroup;
			children = (
				52331B5F18E8738600DCE60A /* Washington's Rules */,
				52331B8418E8738600DCE60A /* Washington's RulesTests */,
				52331B5818E8738600DCE60A /* Frameworks */,
				52331B5718E8738600DCE60A /* Products */,
			);
			sourceTree = "<group>";
		};
		52331B5718E8738600DCE60A /* Products */ = {
			isa = PBXGroup;
			children = (
				52331B5618E8738600DCE60A /* Washington's Rules.app */,
				52331B7D18E8738600DCE60A /* Washington's RulesTests.xctest */,
			);
			name = Products;
			sourceTree = "<group>";
		};
		52331B5818E8738600DCE60A /* Frameworks */ = {
			isa = PBXGroup;
			children = (
				52331B5918E8738600DCE60A /* Foundation.framework */,
				52331B5B18E8738600DCE60A /* CoreGraphics.framework */,
				52331B5D18E8738600DCE60A /* UIKit.framework */,
				52331B7E18E8738600DCE60A /* XCTest.framework */,
			);
			name = Frameworks;
			sourceTree = "<group>";
		};
		52331B5F18E8738600DCE60A /* Washington's Rules */ = {
			isa = PBXGroup;
			children = (
				52331B6818E8738600DCE60A /* WashingtonsAppDelegate.h */,
				52331B6918E8738600DCE60A /* WashingtonsAppDelegate.m */,
				52331B6B18E8738600DCE60A /* Main_iPhone.storyboard */,
				52331B6E18E8738600DCE60A /* Main_iPad.storyboard */,
				52331B7118E8738600DCE60A /* WashingtonsFirstViewController.h */,
				52331B7218E8738600DCE60A /* WashingtonsFirstViewController.m */,
				52331B7418E8738600DCE60A /* WashingtonsSecondViewController.h */,
				52331B7518E8738600DCE60A /* WashingtonsSecondViewController.m */,
				52331B7718E8738600DCE60A /* Images.xcassets */,
				52331B6018E8738600DCE60A /* Supporting Files */,
			);
			path = "Washington's Rules";
			sourceTree = "<group>";
		};
		52331B6018E8738600DCE60A /* Supporting Files */ = {
			isa = PBXGroup;
			children = (
				52331B6118E8738600DCE60A /* Washington's Rules-Info.plist */,
				52331B6218E8738600DCE60A /* InfoPlist.strings */,
				52331B6518E8738600DCE60A /* main.m */,
				52331B6718E8738600DCE60A /* Washington's Rules-Prefix.pch */,
			);
			name = "Supporting Files";
			sourceTree = "<group>";
		};
		52331B8418E8738600DCE60A /* Washington's RulesTests */ = {
			isa = PBXGroup;
			children = (
				52331B8A18E8738600DCE60A /* Washington_s_RulesTests.m */,
				52331B8518E8738600DCE60A /* Supporting Files */,
			);
			path = "Washington's RulesTests";
			sourceTree = "<group>";
		};
		52331B8518E8738600DCE60A /* Supporting Files */ = {
			isa = PBXGroup;
			children = (
				52331B8618E8738600DCE60A /* Washington's RulesTests-Info.plist */,
				52331B8718E8738600DCE60A /* InfoPlist.strings */,
			);
			name = "Supporting Files";
			sourceTree = "<group>";
		};
/* End PBXGroup section */

/* Begin PBXNativeTarget section */
		52331B5518E8738600DCE60A /* Washington's Rules */ = {
			isa = PBXNativeTarget;
			buildConfigurationList = 52331B8E18E8738600DCE60A /* Build configuration list for PBXNativeTarget "Washington's Rules" */;
			buildPhases = (
				52331B5218E8738600DCE60A /* Sources */,
				52331B5318E8738600DCE60A /* Frameworks */,
				52331B5418E8738600DCE60A /* Resources */,
			);
			buildRules = (
			);
			dependencies = (
			);
			name = "Washington's Rules";
			productName = "Washington's Rules";
			productReference = 52331B5618E8738600DCE60A /* Washington's Rules.app */;
			productType = "com.apple.product-type.application";
		};
		52331B7C18E8738600DCE60A /* Washington's RulesTests */ = {
			isa = PBXNativeTarget;
			buildConfigurationList = 52331B9118E8738600DCE60A /* Build configuration list for PBXNativeTarget "Washington's RulesTests" */;
			buildPhases = (
				52331B7918E8738600DCE60A /* Sources */,
				52331B7A18E8738600DCE60A /* Frameworks */,
				52331B7B18E8738600DCE60A /* Resources */,
			);
			buildRules = (
			);
			dependencies = (
				52331B8318E8738600DCE60A /* PBXTargetDependency */,
			);
			name = "Washington's RulesTests";
			productName = "Washington's RulesTests";
			productReference = 52331B7D18E8738600DCE60A /* Washington's RulesTests.xctest */;
			productType = "com.apple.product-type.bundle.unit-test";
		};
/* End PBXNativeTarget section */

/* Begin PBXProject section */
		52331B4E18E8738600DCE60A /* Project object */ = {
			isa = PBXProject;
			attributes = {
				CLASSPREFIX = Washingtons;
				LastUpgradeCheck = 0510;
				ORGANIZATIONNAME = SoftWhatever;
				TargetAttributes = {
					52331B7C18E8738600DCE60A = {
						TestTargetID = 52331B5518E8738600DCE60A;
					};
				};
			};
			buildConfigurationList = 52331B5118E8738600DCE60A /* Build configuration list for PBXProject "Washington's Rules" */;
			compatibilityVersion = "Xcode 3.2";
			developmentRegion = English;
			hasScannedForEncodings = 0;
			knownRegions = (
				en,
				Base,
			);
			mainGroup = 52331B4D18E8738600DCE60A;
			productRefGroup = 52331B5718E8738600DCE60A /* Products */;
			projectDirPath = "";
			projectRoot = "";
			targets = (
				52331B5518E8738600DCE60A /* Washington's Rules */,
				52331B7C18E8738600DCE60A /* Washington's RulesTests */,
			);
		};
/* End PBXProject section */

/* Begin PBXResourcesBuildPhase section */
		52331B5418E8738600DCE60A /* Resources */ = {
			isa = PBXResourcesBuildPhase;
			buildActionMask = 2147483647;
			files = (
				52331B7018E8738600DCE60A /* Main_iPad.storyboard in Resources */,
				52331B7818E8738600DCE60A /* Images.xcassets in Resources */,
				52331B6D18E8738600DCE60A /* Main_iPhone.storyboard in Resources */,
				52331B6418E8738600DCE60A /* InfoPlist.strings in Resources */,
			);
			runOnlyForDeploymentPostprocessing = 0;
		};
		52331B7B18E8738600DCE60A /* Resources */ = {
			isa = PBXResourcesBuildPhase;
			buildActionMask = 2147483647;
			files = (
				52331B8918E8738600DCE60A /* InfoPlist.strings in Resources */,
			);
			runOnlyForDeploymentPostprocessing = 0;
		};
/* End PBXResourcesBuildPhase section */

/* Begin PBXSourcesBuildPhase section */
		52331B5218E8738600DCE60A /* Sources */ = {
			isa = PBXSourcesBuildPhase;
			buildActionMask = 2147483647;
			files = (
				52331B7618E8738600DCE60A /* WashingtonsSecondViewController.m in Sources */,
				52331B7318E8738600DCE60A /* WashingtonsFirstViewController.m in Sources */,
				52331B6A18E8738600DCE60A /* WashingtonsAppDelegate.m in Sources */,
				52331B6618E8738600DCE60A /* main.m in Sources */,
			);
			runOnlyForDeploymentPostprocessing = 0;
		};
		52331B7918E8738600DCE60A /* Sources */ = {
			isa = PBXSourcesBuildPhase;
			buildActionMask = 2147483647;
			files = (
				52331B8B18E8738600DCE60A /* Washington_s_RulesTests.m in Sources */,
			);
			runOnlyForDeploymentPostprocessing = 0;
		};
/* End PBXSourcesBuildPhase section */

/* Begin PBXTargetDependency section */
		52331B8318E8738600DCE60A /* PBXTargetDependency */ = {
			isa = PBXTargetDependency;
			target = 52331B5518E8738600DCE60A /* Washington's Rules */;
			targetProxy = 52331B8218E8738600DCE60A /* PBXContainerItemProxy */;
		};
/* End PBXTargetDependency section */

/* Begin PBXVariantGroup section */
		52331B6218E8738600DCE60A /* InfoPlist.strings */ = {
			isa = PBXVariantGroup;
			children = (
				52331B6318E8738600DCE60A /* en */,
			);
			name = InfoPlist.strings;
			sourceTree = "<group>";
		};
		52331B6B18E8738600DCE60A /* Main_iPhone.storyboard */ = {
			isa = PBXVariantGroup;
			children = (
				52331B6C18E8738600DCE60A /* Base */,
			);
			name = Main_iPhone.storyboard;
			sourceTree = "<group>";
		};
		52331B6E18E8738600DCE60A /* Main_iPad.storyboard */ = {
			isa = PBXVariantGroup;
			children = (
				52331B6F18E8738600DCE60A /* Base */,
			);
			name = Main_iPad.storyboard;
			sourceTree = "<group>";
		};
		52331B8718E8738600DCE60A /* InfoPlist.strings */ = {
			isa = PBXVariantGroup;
			children = (
				52331B8818E8738600DCE60A /* en */,
			);
			name = InfoPlist.strings;
			sourceTree = "<group>";
		};
/* End PBXVariantGroup section */

/* Begin XCBuildConfiguration section */
		52331B8C18E8738600DCE60A /* Debug */ = {
			isa = XCBuildConfiguration;
			buildSettings = {
				ALWAYS_SEARCH_USER_PATHS = NO;
				CLANG_CXX_LANGUAGE_STANDARD = "gnu++0x";
				CLANG_CXX_LIBRARY = "libc++";
				CLANG_ENABLE_MODULES = YES;
				CLANG_ENABLE_OBJC_ARC = YES;
				CLANG_WARN_BOOL_CONVERSION = YES;
				CLANG_WARN_CONSTANT_CONVERSION = YES;
				CLANG_WARN_DIRECT_OBJC_ISA_USAGE = YES_ERROR;
				CLANG_WARN_EMPTY_BODY = YES;
				CLANG_WARN_ENUM_CONVERSION = YES;
				CLANG_WARN_INT_CONVERSION = YES;
				CLANG_WARN_OBJC_ROOT_CLASS = YES_ERROR;
				CLANG_WARN__DUPLICATE_METHOD_MATCH = YES;
				"CODE_SIGN_IDENTITY[sdk=iphoneos*]" = "iPhone Developer";
				COPY_PHASE_STRIP = NO;
				GCC_C_LANGUAGE_STANDARD = gnu99;
				GCC_DYNAMIC_NO_PIC = NO;
				GCC_OPTIMIZATION_LEVEL = 0;
				GCC_PREPROCESSOR_DEFINITIONS = (
					"DEBUG=1",
					"$(inherited)",
				);
				GCC_SYMBOLS_PRIVATE_EXTERN = NO;
				GCC_WARN_64_TO_32_BIT_CONVERSION = YES;
				GCC_WARN_ABOUT_RETURN_TYPE = YES_ERROR;
				GCC_WARN_UNDECLARED_SELECTOR = YES;
				GCC_WARN_UNINITIALIZED_AUTOS = YES_AGGRESSIVE;
				GCC_WARN_UNUSED_FUNCTION = YES;
				GCC_WARN_UNUSED_VARIABLE = YES;
				IPHONEOS_DEPLOYMENT_TARGET = 7.1;
				ONLY_ACTIVE_ARCH = YES;
				SDKROOT = iphoneos;
				TARGETED_DEVICE_FAMILY = "1,2";
			};
			name = Debug;
		};
		52331B8D18E8738600DCE60A /* Release */ = {
			isa = XCBuildConfiguration;
			buildSettings = {
				ALWAYS_SEARCH_USER_PATHS = NO;
				CLANG_CXX_LANGUAGE_STANDARD = "gnu++0x";
				CLANG_CXX_LIBRARY = "libc++";
				CLANG_ENABLE_MODULES = YES;
				CLANG_ENABLE_OBJC_ARC = YES;
				CLANG_WARN_BOOL_CONVERSION = YES;
				CLANG_WARN_CONSTANT_CONVERSION = YES;
				CLANG_WARN_DIRECT_OBJC_ISA_USAGE = YES_ERROR;
				CLANG_WARN_EMPTY_BODY = YES;
				CLANG_WARN_ENUM_CONVERSION = YES;
				CLANG_WARN_INT_CONVERSION = YES;
				CLANG_WARN_OBJC_ROOT_CLASS = YES_ERROR;
				CLANG_WARN__DUPLICATE_METHOD_MATCH = YES;
				"CODE_SIGN_IDENTITY[sdk=iphoneos*]" = "iPhone Developer";
				COPY_PHASE_STRIP = YES;
				ENABLE_NS_ASSERTIONS = NO;
				GCC_C_LANGUAGE_STANDARD = gnu99;
				GCC_WARN_64_TO_32_BIT_CONVERSION = YES;
				GCC_WARN_ABOUT_RETURN_TYPE = YES_ERROR;
				GCC_WARN_UNDECLARED_SELECTOR = YES;
				GCC_WARN_UNINITIALIZED_AUTOS = YES_AGGRESSIVE;
				GCC_WARN_UNUSED_FUNCTION = YES;
				GCC_WARN_UNUSED_VARIABLE = YES;
				IPHONEOS_DEPLOYMENT_TARGET = 7.1;
				SDKROOT = iphoneos;
				TARGETED_DEVICE_FAMILY = "1,2";
				VALIDATE_PRODUCT = YES;
			};
			name = Release;
		};
		52331B8F18E8738600DCE60A /* Debug */ = {
			isa = XCBuildConfiguration;
			buildSettings = {
				ASSETCATALOG_COMPILER_APPICON_NAME = AppIcon;
				ASSETCATALOG_COMPILER_LAUNCHIMAGE_NAME = LaunchImage;
				CODE_SIGN_IDENTITY = "iPhone Developer";
				GCC_PRECOMPILE_PREFIX_HEADER = YES;
				GCC_PREFIX_HEADER = "Washington's Rules/Washington's Rules-Prefix.pch";
				INFOPLIST_FILE = "Washington's Rules/Washington's Rules-Info.plist";
				PRODUCT_NAME = "$(TARGET_NAME)";
				WRAPPER_EXTENSION = app;
			};
			name = Debug;
		};
		52331B9018E8738600DCE60A /* Release */ = {
			isa = XCBuildConfiguration;
			buildSettings = {
				ASSETCATALOG_COMPILER_APPICON_NAME = AppIcon;
				ASSETCATALOG_COMPILER_LAUNCHIMAGE_NAME = LaunchImage;
				CODE_SIGN_IDENTITY = "iPhone Developer";
				GCC_PRECOMPILE_PREFIX_HEADER = YES;
				GCC_PREFIX_HEADER = "Washington's Rules/Washington's Rules-Prefix.pch";
				INFOPLIST_FILE = "Washington's Rules/Washington's Rules-Info.plist";
				PRODUCT_NAME = "$(TARGET_NAME)";
				WRAPPER_EXTENSION = app;
			};
			name = Release;
		};
		52331B9218E8738600DCE60A /* Debug */ = {
			isa = XCBuildConfiguration;
			buildSettings = {
				BUNDLE_LOADER = "$(BUILT_PRODUCTS_DIR)/Washington's Rules.app/Washington's Rules";
				FRAMEWORK_SEARCH_PATHS = (
					"$(SDKROOT)/Developer/Library/Frameworks",
					"$(inherited)",
					"$(DEVELOPER_FRAMEWORKS_DIR)",
				);
				GCC_PRECOMPILE_PREFIX_HEADER = YES;
				GCC_PREFIX_HEADER = "Washington's Rules/Washington's Rules-Prefix.pch";
				GCC_PREPROCESSOR_DEFINITIONS = (
					"DEBUG=1",
					"$(inherited)",
				);
				INFOPLIST_FILE = "Washington's RulesTests/Washington's RulesTests-Info.plist";
				PRODUCT_NAME = "$(TARGET_NAME)";
				TEST_HOST = "$(BUNDLE_LOADER)";
				WRAPPER_EXTENSION = xctest;
			};
			name = Debug;
		};
		52331B9318E8738600DCE60A /* Release */ = {
			isa = XCBuildConfiguration;
			buildSettings = {
				BUNDLE_LOADER = "$(BUILT_PRODUCTS_DIR)/Washington's Rules.app/Washington's Rules";
				FRAMEWORK_SEARCH_PATHS = (
					"$(SDKROOT)/Developer/Library/Frameworks",
					"$(inherited)",
					"$(DEVELOPER_FRAMEWORKS_DIR)",
				);
				GCC_PRECOMPILE_PREFIX_HEADER = YES;
				GCC_PREFIX_HEADER = "Washington's Rules/Washington's Rules-Prefix.pch";
				INFOPLIST_FILE = "Washington's RulesTests/Washington's RulesTests-Info.plist";
				PRODUCT_NAME = "$(TARGET_NAME)";
				TEST_HOST = "$(BUNDLE_LOADER)";
				WRAPPER_EXTENSION = xctest;
			};
			name = Release;
		};
/* End XCBuildConfiguration section */

/* Begin XCConfigurationList section */
		52331B5118E8738600DCE60A /* Build configuration list for PBXProject "Washington's Rules" */ = {
			isa = XCConfigurationList;
			buildConfigurations = (
				52331B8C18E8738600DCE60A /* Debug */,
				52331B8D18E8738600DCE60A /* Release */,
			);
			defaultConfigurationIsVisible = 0;
			defaultConfigurationName = Release;
		};
		52331B8E18E8738600DCE60A /* Build configuration list for PBXNativeTarget "Washington's Rules" */ = {
			isa = XCConfigurationList;
			buildConfigurations = (
				52331B8F18E8738600DCE60A /* Debug */,
				52331B9018E8738600DCE60A /* Release */,
			);
			defaultConfigurationIsVisible = 0;
		};
		52331B9118E8738600DCE60A /* Build configuration list for PBXNativeTarget "Washington's RulesTests" */ = {
			isa = XCConfigurationList;
			buildConfigurations = (
				52331B9218E8738600DCE60A /* Debug */,
				52331B9318E8738600DCE60A /* Release */,
			);
			defaultConfigurationIsVisible = 0;
		};
/* End XCConfigurationList section */
	};
	rootObject = 52331B4E18E8738600DCE60A /* Project object */;
}
